// !$*UTF8*$!
{
	archiveVersion = 1;
	classes = {
	};
	objectVersion = 56;
	objects = {

/* Begin PBXBuildFile section */
		695E5EEC2A667436008898DB /* InputController.swift in Sources */ = {isa = PBXBuildFile; fileRef = 695E5EEB2A667436008898DB /* InputController.swift */; };
		695E5EEE2A667A9E008898DB /* BulbViewController.swift in Sources */ = {isa = PBXBuildFile; fileRef = 695E5EED2A667A9E008898DB /* BulbViewController.swift */; };
		695E5EF02A66834C008898DB /* AnimateViewController.swift in Sources */ = {isa = PBXBuildFile; fileRef = 695E5EEF2A66834C008898DB /* AnimateViewController.swift */; };
		695E5EF22A668824008898DB /* DinamondViewController.swift in Sources */ = {isa = PBXBuildFile; fileRef = 695E5EF12A668824008898DB /* DinamondViewController.swift */; };
		69C304BA2A601B6D002FF287 /* AppDelegate.swift in Sources */ = {isa = PBXBuildFile; fileRef = 69C304B92A601B6D002FF287 /* AppDelegate.swift */; };
		69C304BC2A601B6D002FF287 /* SceneDelegate.swift in Sources */ = {isa = PBXBuildFile; fileRef = 69C304BB2A601B6D002FF287 /* SceneDelegate.swift */; };
		69C304BE2A601B6D002FF287 /* ViewController.swift in Sources */ = {isa = PBXBuildFile; fileRef = 69C304BD2A601B6D002FF287 /* ViewController.swift */; };
		69C304C12A601B6D002FF287 /* Main.storyboard in Resources */ = {isa = PBXBuildFile; fileRef = 69C304BF2A601B6D002FF287 /* Main.storyboard */; };
		69C304C32A601B6E002FF287 /* Assets.xcassets in Resources */ = {isa = PBXBuildFile; fileRef = 69C304C22A601B6E002FF287 /* Assets.xcassets */; };
		69C304C62A601B6E002FF287 /* LaunchScreen.storyboard in Resources */ = {isa = PBXBuildFile; fileRef = 69C304C42A601B6E002FF287 /* LaunchScreen.storyboard */; };
/* End PBXBuildFile section */

/* Begin PBXFileReference section */
		695E5EEB2A667436008898DB /* InputController.swift */ = {isa = PBXFileReference; lastKnownFileType = sourcecode.swift; path = InputController.swift; sourceTree = "<group>"; };
		695E5EED2A667A9E008898DB /* BulbViewController.swift */ = {isa = PBXFileReference; lastKnownFileType = sourcecode.swift; path = BulbViewController.swift; sourceTree = "<group>"; };
		695E5EEF2A66834C008898DB /* AnimateViewController.swift */ = {isa = PBXFileReference; lastKnownFileType = sourcecode.swift; path = AnimateViewController.swift; sourceTree = "<group>"; };
		695E5EF12A668824008898DB /* DinamondViewController.swift */ = {isa = PBXFileReference; lastKnownFileType = sourcecode.swift; path = DinamondViewController.swift; sourceTree = "<group>"; };
		69C304B62A601B6D002FF287 /* demoUI.app */ = {isa = PBXFileReference; explicitFileType = wrapper.application; includeInIndex = 0; path = demoUI.app; sourceTree = BUILT_PRODUCTS_DIR; };
		69C304B92A601B6D002FF287 /* AppDelegate.swift */ = {isa = PBXFileReference; lastKnownFileType = sourcecode.swift; path = AppDelegate.swift; sourceTree = "<group>"; };
		69C304BB2A601B6D002FF287 /* SceneDelegate.swift */ = {isa = PBXFileReference; lastKnownFileType = sourcecode.swift; path = SceneDelegate.swift; sourceTree = "<group>"; };
		69C304BD2A601B6D002FF287 /* ViewController.swift */ = {isa = PBXFileReference; lastKnownFileType = sourcecode.swift; path = ViewController.swift; sourceTree = "<group>"; };
		69C304C02A601B6D002FF287 /* Base */ = {isa = PBXFileReference; lastKnownFileType = file.storyboard; name = Base; path = Base.lproj/Main.storyboard; sourceTree = "<group>"; };
		69C304C22A601B6E002FF287 /* Assets.xcassets */ = {isa = PBXFileReference; lastKnownFileType = folder.assetcatalog; path = Assets.xcassets; sourceTree = "<group>"; };
		69C304C52A601B6E002FF287 /* Base */ = {isa = PBXFileReference; lastKnownFileType = file.storyboard; name = Base; path = Base.lproj/LaunchScreen.storyboard; sourceTree = "<group>"; };
		69C304C72A601B6E002FF287 /* Info.plist */ = {isa = PBXFileReference; lastKnownFileType = text.plist.xml; path = Info.plist; sourceTree = "<group>"; };
/* End PBXFileReference section */

/* Begin PBXFrameworksBuildPhase section */
		69C304B32A601B6D002FF287 /* Frameworks */ = {
			isa = PBXFrameworksBuildPhase;
			buildActionMask = 2147483647;
			files = (
			);
			runOnlyForDeploymentPostprocessing = 0;
		};
/* End PBXFrameworksBuildPhase section */

/* Begin PBXGroup section */
		69C304AD2A601B6C002FF287 = {
			isa = PBXGroup;
			children = (
				69C304B82A601B6D002FF287 /* demoUI */,
				69C304B72A601B6D002FF287 /* Products */,
			);
			sourceTree = "<group>";
		};
		69C304B72A601B6D002FF287 /* Products */ = {
			isa = PBXGroup;
			children = (
				69C304B62A601B6D002FF287 /* demoUI.app */,
			);
			name = Products;
			sourceTree = "<group>";
		};
		69C304B82A601B6D002FF287 /* demoUI */ = {
			isa = PBXGroup;
			children = (
				69C304B92A601B6D002FF287 /* AppDelegate.swift */,
				69C304BB2A601B6D002FF287 /* SceneDelegate.swift */,
				69C304BD2A601B6D002FF287 /* ViewController.swift */,
				695E5EEB2A667436008898DB /* InputController.swift */,
				695E5EED2A667A9E008898DB /* BulbViewController.swift */,
				695E5EEF2A66834C008898DB /* AnimateViewController.swift */,
				695E5EF12A668824008898DB /* DinamondViewController.swift */,
				69C304BF2A601B6D002FF287 /* Main.storyboard */,
				69C304C22A601B6E002FF287 /* Assets.xcassets */,
				69C304C42A601B6E002FF287 /* LaunchScreen.storyboard */,
				69C304C72A601B6E002FF287 /* Info.plist */,
			);
			path = demoUI;
			sourceTree = "<group>";
		};
/* End PBXGroup section */

/* Begin PBXNativeTarget section */
		69C304B52A601B6D002FF287 /* demoUI */ = {
			isa = PBXNativeTarget;
			buildConfigurationList = 69C304CA2A601B6E002FF287 /* Build configuration list for PBXNativeTarget "demoUI" */;
			buildPhases = (
				69C304B22A601B6D002FF287 /* Sources */,
				69C304B32A601B6D002FF287 /* Frameworks */,
				69C304B42A601B6D002FF287 /* Resources */,
			);
			buildRules = (
			);
			dependencies = (
			);
			name = demoUI;
			productName = demoUI;
			productReference = 69C304B62A601B6D002FF287 /* demoUI.app */;
			productType = "com.apple.product-type.application";
		};
/* End PBXNativeTarget section */

/* Begin PBXProject section */
		69C304AE2A601B6C002FF287 /* Project object */ = {
			isa = PBXProject;
			attributes = {
				BuildIndependentTargetsInParallel = 1;
				LastSwiftUpdateCheck = 1430;
				LastUpgradeCheck = 1430;
				TargetAttributes = {
					69C304B52A601B6D002FF287 = {
						CreatedOnToolsVersion = 14.3.1;
					};
				};
			};
			buildConfigurationList = 69C304B12A601B6C002FF287 /* Build configuration list for PBXProject "demoUI" */;
			compatibilityVersion = "Xcode 14.0";
			developmentRegion = en;
			hasScannedForEncodings = 0;
			knownRegions = (
				en,
				Base,
			);
			mainGroup = 69C304AD2A601B6C002FF287;
			productRefGroup = 69C304B72A601B6D002FF287 /* Products */;
			projectDirPath = "";
			projectRoot = "";
			targets = (
				69C304B52A601B6D002FF287 /* demoUI */,
			);
		};
/* End PBXProject section */

/* Begin PBXResourcesBuildPhase section */
		69C304B42A601B6D002FF287 /* Resources */ = {
			isa = PBXResourcesBuildPhase;
			buildActionMask = 2147483647;
			files = (
				69C304C62A601B6E002FF287 /* LaunchScreen.storyboard in Resources */,
				69C304C32A601B6E002FF287 /* Assets.xcassets in Resources */,
				69C304C12A601B6D002FF287 /* Main.storyboard in Resources */,
			);
			runOnlyForDeploymentPostprocessing = 0;
		};
/* End PBXResourcesBuildPhase section */

/* Begin PBXSourcesBuildPhase section */
		69C304B22A601B6D002FF287 /* Sources */ = {
			isa = PBXSourcesBuildPhase;
			buildActionMask = 2147483647;
			files = (
				695E5EF02A66834C008898DB /* AnimateViewController.swift in Sources */,
				695E5EEC2A667436008898DB /* InputController.swift in Sources */,
				695E5EF22A668824008898DB /* DinamondViewController.swift in Sources */,
				69C304BE2A601B6D002FF287 /* ViewController.swift in Sources */,
				69C304BA2A601B6D002FF287 /* AppDelegate.swift in Sources */,
				69C304BC2A601B6D002FF287 /* SceneDelegate.swift in Sources */,
				695E5EEE2A667A9E008898DB /* BulbViewController.swift in Sources */,
			);
			runOnlyForDeploymentPostprocessing = 0;
		};
/* End PBXSourcesBuildPhase section */

/* Begin PBXVariantGroup section */
		69C304BF2A601B6D002FF287 /* Main.storyboard */ = {
			isa = PBXVariantGroup;
			children = (
				69C304C02A601B6D002FF287 /* Base */,
			);
			name = Main.storyboard;
			sourceTree = "<group>";
		};
		69C304C42A601B6E002FF287 /* LaunchScreen.storyboard */ = {
			isa = PBXVariantGroup;
			children = (
				69C304C52A601B6E002FF287 /* Base */,
			);
			name = LaunchScreen.storyboard;
			sourceTree = "<group>";
		};
/* End PBXVariantGroup section */

/* Begin XCBuildConfiguration section */
		69C304C82A601B6E002FF287 /* Debug */ = {
			isa = XCBuildConfiguration;
			buildSettings = {
				ALWAYS_SEARCH_USER_PATHS = NO;
				CLANG_ANALYZER_NONNULL = YES;
				CLANG_ANALYZER_NUMBER_OBJECT_CONVERSION = YES_AGGRESSIVE;
				CLANG_CXX_LANGUAGE_STANDARD = "gnu++20";
				CLANG_ENABLE_MODULES = YES;
				CLANG_ENABLE_OBJC_ARC = YES;
				CLANG_ENABLE_OBJC_WEAK = YES;
				CLANG_WARN_BLOCK_CAPTURE_AUTORELEASING = YES;
				CLANG_WARN_BOOL_CONVERSION = YES;
				CLANG_WARN_COMMA = YES;
				CLANG_WARN_CONSTANT_CONVERSION = YES;
				CLANG_WARN_DEPRECATED_OBJC_IMPLEMENTATIONS = YES;
				CLANG_WARN_DIRECT_OBJC_ISA_USAGE = YES_ERROR;
				CLANG_WARN_DOCUMENTATION_COMMENTS = YES;
				CLANG_WARN_EMPTY_BODY = YES;
				CLANG_WARN_ENUM_CONVERSION = YES;
				CLANG_WARN_INFINITE_RECURSION = YES;
				CLANG_WARN_INT_CONVERSION = YES;
				CLANG_WARN_NON_LITERAL_NULL_CONVERSION = YES;
				CLANG_WARN_OBJC_IMPLICIT_RETAIN_SELF = YES;
				CLANG_WARN_OBJC_LITERAL_CONVERSION = YES;
				CLANG_WARN_OBJC_ROOT_CLASS = YES_ERROR;
				CLANG_WARN_QUOTED_INCLUDE_IN_FRAMEWORK_HEADER = YES;
				CLANG_WARN_RANGE_LOOP_ANALYSIS = YES;
				CLANG_WARN_STRICT_PROTOTYPES = YES;
				CLANG_WARN_SUSPICIOUS_MOVE = YES;
				CLANG_WARN_UNGUARDED_AVAILABILITY = YES_AGGRESSIVE;
				CLANG_WARN_UNREACHABLE_CODE = YES;
				CLANG_WARN__DUPLICATE_METHOD_MATCH = YES;
				COPY_PHASE_STRIP = NO;
				DEBUG_INFORMATION_FORMAT = dwarf;
				ENABLE_STRICT_OBJC_MSGSEND = YES;
				ENABLE_TESTABILITY = YES;
				GCC_C_LANGUAGE_STANDARD = gnu11;
				GCC_DYNAMIC_NO_PIC = NO;
				GCC_NO_COMMON_BLOCKS = YES;
				GCC_OPTIMIZATION_LEVEL = 0;
				GCC_PREPROCESSOR_DEFINITIONS = (
					"DEBUG=1",
					"$(inherited)",
				);
				GCC_WARN_64_TO_32_BIT_CONVERSION = YES;
				GCC_WARN_ABOUT_RETURN_TYPE = YES_ERROR;
				GCC_WARN_UNDECLARED_SELECTOR = YES;
				GCC_WARN_UNINITIALIZED_AUTOS = YES_AGGRESSIVE;
				GCC_WARN_UNUSED_FUNCTION = YES;
				GCC_WARN_UNUSED_VARIABLE = YES;
				IPHONEOS_DEPLOYMENT_TARGET = 16.4;
				MTL_ENABLE_DEBUG_INFO = INCLUDE_SOURCE;
				MTL_FAST_MATH = YES;
				ONLY_ACTIVE_ARCH = YES;
				SDKROOT = iphoneos;
				SWIFT_ACTIVE_COMPILATION_CONDITIONS = DEBUG;
				SWIFT_OPTIMIZATION_LEVEL = "-Onone";
			};
			name = Debug;
		};
		69C304C92A601B6E002FF287 /* Release */ = {
			isa = XCBuildConfiguration;
			buildSettings = {
				ALWAYS_SEARCH_USER_PATHS = NO;
				CLANG_ANALYZER_NONNULL = YES;
				CLANG_ANALYZER_NUMBER_OBJECT_CONVERSION = YES_AGGRESSIVE;
				CLANG_CXX_LANGUAGE_STANDARD = "gnu++20";
				CLANG_ENABLE_MODULES = YES;
				CLANG_ENABLE_OBJC_ARC = YES;
				CLANG_ENABLE_OBJC_WEAK = YES;
				CLANG_WARN_BLOCK_CAPTURE_AUTORELEASING = YES;
				CLANG_WARN_BOOL_CONVERSION = YES;
				CLANG_WARN_COMMA = YES;
				CLANG_WARN_CONSTANT_CONVERSION = YES;
				CLANG_WARN_DEPRECATED_OBJC_IMPLEMENTATIONS = YES;
				CLANG_WARN_DIRECT_OBJC_ISA_USAGE = YES_ERROR;
				CLANG_WARN_DOCUMENTATION_COMMENTS = YES;
				CLANG_WARN_EMPTY_BODY = YES;
				CLANG_WARN_ENUM_CONVERSION = YES;
				CLANG_WARN_INFINITE_RECURSION = YES;
				CLANG_WARN_INT_CONVERSION = YES;
				CLANG_WARN_NON_LITERAL_NULL_CONVERSION = YES;
				CLANG_WARN_OBJC_IMPLICIT_RETAIN_SELF = YES;
				CLANG_WARN_OBJC_LITERAL_CONVERSION = YES;
				CLANG_WARN_OBJC_ROOT_CLASS = YES_ERROR;
				CLANG_WARN_QUOTED_INCLUDE_IN_FRAMEWORK_HEADER = YES;
				CLANG_WARN_RANGE_LOOP_ANALYSIS = YES;
				CLANG_WARN_STRICT_PROTOTYPES = YES;
				CLANG_WARN_SUSPICIOUS_MOVE = YES;
				CLANG_WARN_UNGUARDED_AVAILABILITY = YES_AGGRESSIVE;
				CLANG_WARN_UNREACHABLE_CODE = YES;
				CLANG_WARN__DUPLICATE_METHOD_MATCH = YES;
				COPY_PHASE_STRIP = NO;
				DEBUG_INFORMATION_FORMAT = "dwarf-with-dsym";
				ENABLE_NS_ASSERTIONS = NO;
				ENABLE_STRICT_OBJC_MSGSEND = YES;
				GCC_C_LANGUAGE_STANDARD = gnu11;
				GCC_NO_COMMON_BLOCKS = YES;
				GCC_WARN_64_TO_32_BIT_CONVERSION = YES;
				GCC_WARN_ABOUT_RETURN_TYPE = YES_ERROR;
				GCC_WARN_UNDECLARED_SELECTOR = YES;
				GCC_WARN_UNINITIALIZED_AUTOS = YES_AGGRESSIVE;
				GCC_WARN_UNUSED_FUNCTION = YES;
				GCC_WARN_UNUSED_VARIABLE = YES;
				IPHONEOS_DEPLOYMENT_TARGET = 16.4;
				MTL_ENABLE_DEBUG_INFO = NO;
				MTL_FAST_MATH = YES;
				SDKROOT = iphoneos;
				SWIFT_COMPILATION_MODE = wholemodule;
				SWIFT_OPTIMIZATION_LEVEL = "-O";
				VALIDATE_PRODUCT = YES;
			};
			name = Release;
		};
		69C304CB2A601B6E002FF287 /* Debug */ = {
			isa = XCBuildConfiguration;
			buildSettings = {
				ASSETCATALOG_COMPILER_APPICON_NAME = AppIcon;
				ASSETCATALOG_COMPILER_GLOBAL_ACCENT_COLOR_NAME = AccentColor;
				CODE_SIGN_IDENTITY = "Apple Development";
				CODE_SIGN_STYLE = Automatic;
				CURRENT_PROJECT_VERSION = 1;
				DEVELOPMENT_TEAM = "";
				GENERATE_INFOPLIST_FILE = YES;
				INFOPLIST_FILE = demoUI/Info.plist;
				INFOPLIST_KEY_UIApplicationSupportsIndirectInputEvents = YES;
				INFOPLIST_KEY_UILaunchStoryboardName = LaunchScreen;
				INFOPLIST_KEY_UIMainStoryboardFile = Main;
				INFOPLIST_KEY_UIStatusBarStyle = "";
				INFOPLIST_KEY_UISupportedInterfaceOrientations_iPad = "UIInterfaceOrientationPortrait UIInterfaceOrientationPortraitUpsideDown UIInterfaceOrientationLandscapeLeft UIInterfaceOrientationLandscapeRight";
				INFOPLIST_KEY_UISupportedInterfaceOrientations_iPhone = "UIInterfaceOrientationPortrait UIInterfaceOrientationLandscapeLeft UIInterfaceOrientationLandscapeRight";
				IPHONEOS_DEPLOYMENT_TARGET = 16.2;
				LD_RUNPATH_SEARCH_PATHS = (
					"$(inherited)",
					"@executable_path/Frameworks",
				);
				MARKETING_VERSION = 1.0;
				PRODUCT_BUNDLE_IDENTIFIER = com.son.demoUI;
				PRODUCT_NAME = "$(TARGET_NAME)";
				PROVISIONING_PROFILE_SPECIFIER = "";
				SUPPORTED_PLATFORMS = "iphoneos iphonesimulator";
				SUPPORTS_MACCATALYST = NO;
				SUPPORTS_MAC_DESIGNED_FOR_IPHONE_IPAD = NO;
				SWIFT_EMIT_LOC_STRINGS = YES;
				SWIFT_VERSION = 5.0;
				TARGETED_DEVICE_FAMILY = 1;
			};
			name = Debug;
		};
		69C304CC2A601B6E002FF287 /* Release */ = {
			isa = XCBuildConfiguration;
			buildSettings = {
				ASSETCATALOG_COMPILER_APPICON_NAME = AppIcon;
				ASSETCATALOG_COMPILER_GLOBAL_ACCENT_COLOR_NAME = AccentColor;
				CODE_SIGN_IDENTITY = "Apple Development";
				CODE_SIGN_STYLE = Automatic;
				CURRENT_PROJECT_VERSION = 1;
				DEVELOPMENT_TEAM = "";
				GENERATE_INFOPLIST_FILE = YES;
				INFOPLIST_FILE = demoUI/Info.plist;
				INFOPLIST_KEY_UIApplicationSupportsIndirectInputEvents = YES;
				INFOPLIST_KEY_UILaunchStoryboardName = LaunchScreen;
				INFOPLIST_KEY_UIMainStoryboardFile = Main;
				INFOPLIST_KEY_UIStatusBarStyle = "";
				INFOPLIST_KEY_UISupportedInterfaceOrientations_iPad = "UIInterfaceOrientationPortrait UIInterfaceOrientationPortraitUpsideDown UIInterfaceOrientationLandscapeLeft UIInterfaceOrientationLandscapeRight";
				INFOPLIST_KEY_UISupportedInterfaceOrientations_iPhone = "UIInterfaceOrientationPortrait UIInterfaceOrientationLandscapeLeft UIInterfaceOrientationLandscapeRight";
				IPHONEOS_DEPLOYMENT_TARGET = 16.2;
				LD_RUNPATH_SEARCH_PATHS = (
					"$(inherited)",
					"@executable_path/Frameworks",
				);
				MARKETING_VERSION = 1.0;
				PRODUCT_BUNDLE_IDENTIFIER = com.son.demoUI;
				PRODUCT_NAME = "$(TARGET_NAME)";
				PROVISIONING_PROFILE_SPECIFIER = "";
				SUPPORTED_PLATFORMS = "iphoneos iphonesimulator";
				SUPPORTS_MACCATALYST = NO;
				SUPPORTS_MAC_DESIGNED_FOR_IPHONE_IPAD = NO;
				SWIFT_EMIT_LOC_STRINGS = YES;
				SWIFT_VERSION = 5.0;
				TARGETED_DEVICE_FAMILY = 1;
			};
			name = Release;
		};
/* End XCBuildConfiguration section */

/* Begin XCConfigurationList section */
		69C304B12A601B6C002FF287 /* Build configuration list for PBXProject "demoUI" */ = {
			isa = XCConfigurationList;
			buildConfigurations = (
				69C304C82A601B6E002FF287 /* Debug */,
				69C304C92A601B6E002FF287 /* Release */,
			);
			defaultConfigurationIsVisible = 0;
			defaultConfigurationName = Release;
		};
		69C304CA2A601B6E002FF287 /* Build configuration list for PBXNativeTarget "demoUI" */ = {
			isa = XCConfigurationList;
			buildConfigurations = (
				69C304CB2A601B6E002FF287 /* Debug */,
				69C304CC2A601B6E002FF287 /* Release */,
			);
			defaultConfigurationIsVisible = 0;
			defaultConfigurationName = Release;
		};
/* End XCConfigurationList section */
	};
	rootObject = 69C304AE2A601B6C002FF287 /* Project object */;
}
